
Microsoft Visual Studio Solution File, Format Version 12.00
# Visual Studio Version 17
VisualStudioVersion = 17.14.35906.104 d17.14
MinimumVisualStudioVersion = 10.0.40219.1
Project("{FAE04EC0-301F-11D3-BF4B-00C04F79EFBC}") = "Práctica OCP", "..\source\repos\Práctica OCP\Práctica OCP.csproj", "{A1DD974B-606F-4137-BB57-87FA719A7CB3}"
EndProject
Global
	GlobalSection(SolutionConfigurationPlatforms) = preSolution
		Debug|Any CPU = Debug|Any CPU
		Release|Any CPU = Release|Any CPU
	EndGlobalSection
	GlobalSection(ProjectConfigurationPlatforms) = postSolution
		{A1DD974B-606F-4137-BB57-87FA719A7CB3}.Debug|Any CPU.ActiveCfg = Debug|Any CPU
		{A1DD974B-606F-4137-BB57-87FA719A7CB3}.Debug|Any CPU.Build.0 = Debug|Any CPU
		{A1DD974B-606F-4137-BB57-87FA719A7CB3}.Release|Any CPU.ActiveCfg = Release|Any CPU
		{A1DD974B-606F-4137-BB57-87FA719A7CB3}.Release|Any CPU.Build.0 = Release|Any CPU
	EndGlobalSection
	GlobalSection(SolutionProperties) = preSolution
		HideSolutionNode = FALSE
	EndGlobalSection
	GlobalSection(ExtensibilityGlobals) = postSolution
		SolutionGuid = {19756636-AEED-4447-82A3-BDB91562A1D7}
	EndGlobalSection
EndGlobal
